{
  "name": "js2cookiejsmedlibrary",
  "version": "1.0.0",
  "lockfileVersion": 3,
  "requires": true,
  "packages": {
    "": {
      "name": "js2cookiejsmedlibrary",
      "version": "1.0.0",
      "license": "ISC",
      "dependencies": {
        "cookie-js": "^0.0.1",
        "js-cookie": "^3.0.1"
      }
    },
    "node_modules/cookie-js": {
      "version": "0.0.1",
      "resolved": "https://registry.npmjs.org/cookie-js/-/cookie-js-0.0.1.tgz",
      "integrity": "sha512-14dvbw7fMODfzOLZ/xz/qfp3nDZ+DYSZqxQbKWAbqTubLpxV5EE847iJQzExqphF4lkj/eoytfhoeW7RQsP9oA==",
      "engines": {
        "node": "*"
      }
    },
    "node_modules/js-cookie": {
      "version": "3.0.1",
      "resolved": "https://registry.npmjs.org/js-cookie/-/js-cookie-3.0.1.tgz",
      "integrity": "sha512-+0rgsUXZu4ncpPxRL+lNEptWMOWl9etvPHc/koSRp6MPwpRYAhmk0dUG00J4bxVV3r9uUzfo24wW0knS07SKSw==",
      "engines": {
        "node": ">=12"
      }
    }
  }
}
